
Microsoft Visual Studio Solution File, Format Version 12.00
# Visual Studio Version 17
VisualStudioVersion = 17.5.002.0
MinimumVisualStudioVersion = 10.0.40219.1
Project("{9A19103F-16F7-4668-BE54-9A1E7A4F7556}") = "asp-mvc-project", "asp-mvc-project.csproj", "{D81688D2-122D-4C43-8CBB-553F8BA62EB4}"
EndProject
Global
	GlobalSection(SolutionConfigurationPlatforms) = preSolution
		Debug|Any CPU = Debug|Any CPU
		Release|Any CPU = Release|Any CPU
	EndGlobalSection
	GlobalSection(ProjectConfigurationPlatforms) = postSolution
		{D81688D2-122D-4C43-8CBB-553F8BA62EB4}.Debug|Any CPU.ActiveCfg = Debug|Any CPU
		{D81688D2-122D-4C43-8CBB-553F8BA62EB4}.Debug|Any CPU.Build.0 = Debug|Any CPU
		{D81688D2-122D-4C43-8CBB-553F8BA62EB4}.Release|Any CPU.ActiveCfg = Release|Any CPU
		{D81688D2-122D-4C43-8CBB-553F8BA62EB4}.Release|Any CPU.Build.0 = Release|Any CPU
	EndGlobalSection
	GlobalSection(SolutionProperties) = preSolution
		HideSolutionNode = FALSE
	EndGlobalSection
	GlobalSection(ExtensibilityGlobals) = postSolution
		SolutionGuid = {C7E68BDC-BA6E-43E3-85CF-40F8DD3EA763}
	EndGlobalSection
EndGlobal
